
Microsoft Visual Studio Solution File, Format Version 12.00
# Visual Studio Version 16
VisualStudioVersion = 16.0.31424.327
MinimumVisualStudioVersion = 10.0.40219.1
Project("{FAE04EC0-301F-11D3-BF4B-00C04F79EFBC}") = "Quiz App in Windows Forms", "Quiz App in Windows Forms\Quiz App in Windows Forms.csproj", "{52A6FC8D-BA15-4C9A-A1A8-D88E4318BB1B}"
EndProject
Global
	GlobalSection(SolutionConfigurationPlatforms) = preSolution
		Debug|Any CPU = Debug|Any CPU
		Release|Any CPU = Release|Any CPU
	EndGlobalSection
	GlobalSection(ProjectConfigurationPlatforms) = postSolution
		{52A6FC8D-BA15-4C9A-A1A8-D88E4318BB1B}.Debug|Any CPU.ActiveCfg = Debug|Any CPU
		{52A6FC8D-BA15-4C9A-A1A8-D88E4318BB1B}.Debug|Any CPU.Build.0 = Debug|Any CPU
		{52A6FC8D-BA15-4C9A-A1A8-D88E4318BB1B}.Release|Any CPU.ActiveCfg = Release|Any CPU
		{52A6FC8D-BA15-4C9A-A1A8-D88E4318BB1B}.Release|Any CPU.Build.0 = Release|Any CPU
	EndGlobalSection
	GlobalSection(SolutionProperties) = preSolution
		HideSolutionNode = FALSE
	EndGlobalSection
	GlobalSection(ExtensibilityGlobals) = postSolution
		SolutionGuid = {A0D81A24-E238-4825-9185-E5D3EBE6E3D9}
	EndGlobalSection
EndGlobal
